<?xml version="1.0" encoding="utf-8"?>
<Project ToolsVersion="4.0" xmlns="http://schemas.microsoft.com/developer/msbuild/2003">
  <ItemGroup>
    <Filter Include="Source Files">
      <UniqueIdentifier>{4FC737F1-C7A5-4376-A066-2A32D752A2FF}</UniqueIdentifier>
      <Extensions>cpp;c;cc;cxx;c++;cppm;ixx;def;odl;idl;hpj;bat;asm;asmx</Extensions>
    </Filter>
    <Filter Include="Header Files">
      <UniqueIdentifier>{93995380-89BD-4b04-88EB-625FBE52EBFB}</UniqueIdentifier>
      <Extensions>h;hh;hpp;hxx;h++;hm;inl;inc;ipp;xsd</Extensions>
    </Filter>
    <Filter Include="Resource Files">
      <UniqueIdentifier>{67DA6AB6-F800-4c08-8B7A-83BB121AAD01}</UniqueIdentifier>
      <Extensions>rc;ico;cur;bmp;dlg;rc2;rct;bin;rgs;gif;jpg;jpeg;jpe;resx;tiff;tif;png;wav;mfcribbon-ms</Extensions>
    </Filter>
  </ItemGroup>
  <ItemGroup>
    <ClCompile Include="main.cpp">
      <Filter>Source Files</Filter>
    </ClCompile>
    <ClCompile Include="lib\core\Email.cpp">
      <Filter>Source Files</Filter>
    </ClCompile>
    <ClCompile Include="lib\core\User.cpp">
      <Filter>Source Files</Filter>
    </ClCompile>
    <ClCompile Include="lib\data_structures\UserTree.cpp">
      <Filter>Source Files</Filter>
    </ClCompile>
    <ClCompile Include="lib\email\Inbox.cpp">
      <Filter>Source Files</Filter>
    </ClCompile>
    <ClCompile Include="lib\email\Outbox.cpp">
      <Filter>Source Files</Filter>
    </ClCompile>
    <ClCompile Include="lib\email\Timestamp.cpp">
      <Filter>Source Files</Filter>
    </ClCompile>
    <ClCompile Include="lib\services\EmailRequest.cpp">
      <Filter>Source Files</Filter>
    </ClCompile>
    <ClCompile Include="lib\services\EmailService.cpp">
      <Filter>Source Files</Filter>
    </ClCompile>
    <ClCompile Include="lib\services\PriorityQueue.cpp">
      <Filter>Source Files</Filter>
    </ClCompile>
    <ClCompile Include="lib\services\PriorityService.cpp">
      <Filter>Source Files</Filter>
    </ClCompile>
    <ClCompile Include="lib\services\SearchService.cpp">
      <Filter>Source Files</Filter>
    </ClCompile>
    <ClCompile Include="lib\services\SpamDetectionService.cpp">
      <Filter>Source Files</Filter>
    </ClCompile>
    <ClCompile Include="lib\ui\PriorityQueueMenu.cpp">
      <Filter>Source Files</Filter>
    </ClCompile>
    <ClCompile Include="lib\utils\ColorFormat.cpp">
      <Filter>Source Files</Filter>
    </ClCompile>
    <ClCompile Include="lib\utils\Console.cpp">
      <Filter>Source Files</Filter>
    </ClCompile>
    <ClCompile Include="lib\utils\Formatter.cpp">
      <Filter>Source Files</Filter>
    </ClCompile>
    <ClCompile Include="lib\utils\Seed.cpp">
      <Filter>Source Files</Filter>
    </ClCompile>
    <ClCompile Include="lib\ui\InboxMenu.cpp">
      <Filter>Source Files</Filter>
    </ClCompile>
    <ClCompile Include="lib\ui\OutboxMenu.cpp">
      <Filter>Source Files</Filter>
    </ClCompile>
    <ClCompile Include="lib\ui\SearchAndRetrievalMenu.cpp">
      <Filter>Source Files</Filter>
    </ClCompile>
    <ClCompile Include="lib\ui\SpamDetectionMenu.cpp">
      <Filter>Source Files</Filter>
    </ClCompile>
  </ItemGroup>
  <ItemGroup>
    <ClInclude Include="include\core\User.hpp">
      <Filter>Header Files</Filter>
    </ClInclude>
    <ClInclude Include="include\core\ResourceManager.hpp">
      <Filter>Header Files</Filter>
    </ClInclude>
    <ClInclude Include="include\core\Email.hpp">
      <Filter>Header Files</Filter>
    </ClInclude>
    <ClInclude Include="include\data_structures\ArrQueue.hpp">
      <Filter>Header Files</Filter>
    </ClInclude>
    <ClInclude Include="include\data_structures\BSTUserNode.hpp">
      <Filter>Header Files</Filter>
    </ClInclude>
    <ClInclude Include="include\data_structures\DynArray.hpp">
      <Filter>Header Files</Filter>
    </ClInclude>
    <ClInclude Include="include\data_structures\LLQueue.hpp">
      <Filter>Header Files</Filter>
    </ClInclude>
    <ClInclude Include="include\data_structures\Node.hpp">
      <Filter>Header Files</Filter>
    </ClInclude>
    <ClInclude Include="include\data_structures\Stack.hpp">
      <Filter>Header Files</Filter>
    </ClInclude>
    <ClInclude Include="include\data_structures\UserTree.hpp">
      <Filter>Header Files</Filter>
    </ClInclude>
    <ClInclude Include="include\email\Inbox.hpp">
      <Filter>Header Files</Filter>
    </ClInclude>
    <ClInclude Include="include\email\Outbox.hpp">
      <Filter>Header Files</Filter>
    </ClInclude>
    <ClInclude Include="include\email\PriorityLevel.hpp">
      <Filter>Header Files</Filter>
    </ClInclude>
    <ClInclude Include="include\email\Timestamp.hpp">
      <Filter>Header Files</Filter>
    </ClInclude>
    <ClInclude Include="include\services\EmailRequest.hpp">
      <Filter>Header Files</Filter>
    </ClInclude>
    <ClInclude Include="include\services\EmailService.hpp">
      <Filter>Header Files</Filter>
    </ClInclude>
    <ClInclude Include="include\services\PriorityQueue.hpp">
      <Filter>Header Files</Filter>
    </ClInclude>
    <ClInclude Include="include\services\PriorityService.hpp">
      <Filter>Header Files</Filter>
    </ClInclude>
    <ClInclude Include="include\services\SearchService.hpp">
      <Filter>Header Files</Filter>
    </ClInclude>
    <ClInclude Include="include\services\SpamDetectionService.hpp">
      <Filter>Header Files</Filter>
    </ClInclude>
    <ClInclude Include="include\ui\PriorityQueueMenu.hpp">
      <Filter>Header Files</Filter>
    </ClInclude>
    <ClInclude Include="include\utils\ColorFormat.hpp">
      <Filter>Header Files</Filter>
    </ClInclude>
    <ClInclude Include="include\utils\Helper.hpp">
      <Filter>Header Files</Filter>
    </ClInclude>
    <ClInclude Include="include\utils\IdxGen.hpp">
      <Filter>Header Files</Filter>
    </ClInclude>
    <ClInclude Include="include\ui\InboxMenu.hpp">
      <Filter>Header Files</Filter>
    </ClInclude>
    <ClInclude Include="include\ui\OutboxMenu.hpp">
      <Filter>Header Files</Filter>
    </ClInclude>
    <ClInclude Include="include\ui\SearchAndRetrievalMenu.hpp">
      <Filter>Header Files</Filter>
    </ClInclude>
    <ClInclude Include="include\ui\SpamDetectionMenu.hpp">
      <Filter>Header Files</Filter>
    </ClInclude>
  </ItemGroup>
</Project>